
Microsoft Visual Studio Solution File, Format Version 12.00
# Visual Studio Version 17
VisualStudioVersion = 17.14.36429.23 d17.14
MinimumVisualStudioVersion = 10.0.40219.1
Project("{8BC9CEB8-8B4A-11D0-8D11-00A0C91BC942}") = "siv_inyago", "siv_inyago.vcxproj", "{E68F5AA4-F9F9-4A46-AF2D-9BDC7ECC41B9}"
EndProject
Global
	GlobalSection(SolutionConfigurationPlatforms) = preSolution
		Debug|x64 = Debug|x64
		Release|x64 = Release|x64
	EndGlobalSection
	GlobalSection(ProjectConfigurationPlatforms) = postSolution
		{E68F5AA4-F9F9-4A46-AF2D-9BDC7ECC41B9}.Debug|x64.ActiveCfg = Debug|x64
		{E68F5AA4-F9F9-4A46-AF2D-9BDC7ECC41B9}.Debug|x64.Build.0 = Debug|x64
		{E68F5AA4-F9F9-4A46-AF2D-9BDC7ECC41B9}.Release|x64.ActiveCfg = Release|x64
		{E68F5AA4-F9F9-4A46-AF2D-9BDC7ECC41B9}.Release|x64.Build.0 = Release|x64
	EndGlobalSection
	GlobalSection(SolutionProperties) = preSolution
		HideSolutionNode = FALSE
	EndGlobalSection
	GlobalSection(ExtensibilityGlobals) = postSolution
		SolutionGuid = {46DF486F-4A52-47A5-B222-6602A22A7311}
	EndGlobalSection
EndGlobal
